
Microsoft Visual Studio Solution File, Format Version 12.00
# Visual Studio Version 17
VisualStudioVersion = 17.9.34607.119
MinimumVisualStudioVersion = 10.0.40219.1
Project("{FAE04EC0-301F-11D3-BF4B-00C04F79EFBC}") = "lab sheet 3 q1", "lab sheet 3 q1\lab sheet 3 q1.csproj", "{A5BBA0A6-E842-406A-BC65-F6B1ECD6008C}"
EndProject
Global
	GlobalSection(SolutionConfigurationPlatforms) = preSolution
		Debug|Any CPU = Debug|Any CPU
		Release|Any CPU = Release|Any CPU
	EndGlobalSection
	GlobalSection(ProjectConfigurationPlatforms) = postSolution
		{A5BBA0A6-E842-406A-BC65-F6B1ECD6008C}.Debug|Any CPU.ActiveCfg = Debug|Any CPU
		{A5BBA0A6-E842-406A-BC65-F6B1ECD6008C}.Debug|Any CPU.Build.0 = Debug|Any CPU
		{A5BBA0A6-E842-406A-BC65-F6B1ECD6008C}.Release|Any CPU.ActiveCfg = Release|Any CPU
		{A5BBA0A6-E842-406A-BC65-F6B1ECD6008C}.Release|Any CPU.Build.0 = Release|Any CPU
	EndGlobalSection
	GlobalSection(SolutionProperties) = preSolution
		HideSolutionNode = FALSE
	EndGlobalSection
	GlobalSection(ExtensibilityGlobals) = postSolution
		SolutionGuid = {A20DE142-4126-4D53-BB6D-E77AB88046C9}
	EndGlobalSection
EndGlobal
